
Microsoft Visual Studio Solution File, Format Version 12.00
# Visual Studio Version 17
VisualStudioVersion = 17.11.35431.28
MinimumVisualStudioVersion = 10.0.40219.1
Project("{FAE04EC0-301F-11D3-BF4B-00C04F79EFBC}") = "ApiDebit", "ApiDebit.csproj", "{FFBA8B6B-FF8A-4BCB-A699-FB758D51BF7D}"
EndProject
Global
	GlobalSection(SolutionConfigurationPlatforms) = preSolution
		Debug|Any CPU = Debug|Any CPU
		Release|Any CPU = Release|Any CPU
	EndGlobalSection
	GlobalSection(ProjectConfigurationPlatforms) = postSolution
		{FFBA8B6B-FF8A-4BCB-A699-FB758D51BF7D}.Debug|Any CPU.ActiveCfg = Debug|Any CPU
		{FFBA8B6B-FF8A-4BCB-A699-FB758D51BF7D}.Debug|Any CPU.Build.0 = Debug|Any CPU
		{FFBA8B6B-FF8A-4BCB-A699-FB758D51BF7D}.Release|Any CPU.ActiveCfg = Release|Any CPU
		{FFBA8B6B-FF8A-4BCB-A699-FB758D51BF7D}.Release|Any CPU.Build.0 = Release|Any CPU
	EndGlobalSection
	GlobalSection(SolutionProperties) = preSolution
		HideSolutionNode = FALSE
	EndGlobalSection
	GlobalSection(ExtensibilityGlobals) = postSolution
		SolutionGuid = {4150145C-6AA2-4F10-90EF-7711C1F1AAF2}
	EndGlobalSection
EndGlobal
