
Microsoft Visual Studio Solution File, Format Version 12.00
# Visual Studio Version 17
VisualStudioVersion = 17.11.35431.28
MinimumVisualStudioVersion = 10.0.40219.1
Project("{FAE04EC0-301F-11D3-BF4B-00C04F79EFBC}") = "ApiCredit", "ApiCredit.csproj", "{D748AC80-2C0A-467B-A481-7480E7C3E75B}"
EndProject
Global
	GlobalSection(SolutionConfigurationPlatforms) = preSolution
		Debug|Any CPU = Debug|Any CPU
		Release|Any CPU = Release|Any CPU
	EndGlobalSection
	GlobalSection(ProjectConfigurationPlatforms) = postSolution
		{D748AC80-2C0A-467B-A481-7480E7C3E75B}.Debug|Any CPU.ActiveCfg = Debug|Any CPU
		{D748AC80-2C0A-467B-A481-7480E7C3E75B}.Debug|Any CPU.Build.0 = Debug|Any CPU
		{D748AC80-2C0A-467B-A481-7480E7C3E75B}.Release|Any CPU.ActiveCfg = Release|Any CPU
		{D748AC80-2C0A-467B-A481-7480E7C3E75B}.Release|Any CPU.Build.0 = Release|Any CPU
	EndGlobalSection
	GlobalSection(SolutionProperties) = preSolution
		HideSolutionNode = FALSE
	EndGlobalSection
	GlobalSection(ExtensibilityGlobals) = postSolution
		SolutionGuid = {EBC12FA3-67F4-4935-B21C-5B9978E00360}
	EndGlobalSection
EndGlobal
